
Microsoft Visual Studio Solution File, Format Version 12.00
# Visual Studio 14
VisualStudioVersion = 14.0.23107.0
MinimumVisualStudioVersion = 10.0.40219.1
Project("{2150E333-8FDC-42A3-9474-1A3956D46DE8}") = ".nuget", ".nuget", "{91B2CB56-7AB0-4AF1-A081-95525F8A754C}"
	ProjectSection(SolutionItems) = preProject
		.nuget\NuGet.Config = .nuget\NuGet.Config
		.nuget\NuGet.exe = .nuget\NuGet.exe
		.nuget\NuGet.targets = .nuget\NuGet.targets
	EndProjectSection
EndProject
Project("{FAE04EC0-301F-11D3-BF4B-00C04F79EFBC}") = "InfluxDB.Net", "InfluxDB.Net\InfluxDB.Net.csproj", "{9092CDD0-1585-48DE-B619-98F6FF01F8CC}"
EndProject
Project("{2150E333-8FDC-42A3-9474-1A3956D46DE8}") = "Solution Items", "Solution Items", "{9B34D123-58D5-4291-8651-9231C8875A86}"
	ProjectSection(SolutionItems) = preProject
		build.sh = build.sh
		circle.yml = circle.yml
		README.md = README.md
	EndProjectSection
EndProject
Project("{FAE04EC0-301F-11D3-BF4B-00C04F79EFBC}") = "InfluxDB.Net.Tests", "InfluxDB.Net.Tests\InfluxDB.Net.Tests.csproj", "{56B4EF11-8B2A-4862-8723-FC4368274768}"
EndProject
Global
	GlobalSection(SolutionConfigurationPlatforms) = preSolution
		Debug|Any CPU = Debug|Any CPU
		Release|Any CPU = Release|Any CPU
	EndGlobalSection
	GlobalSection(ProjectConfigurationPlatforms) = postSolution
		{9092CDD0-1585-48DE-B619-98F6FF01F8CC}.Debug|Any CPU.ActiveCfg = Debug|Any CPU
		{9092CDD0-1585-48DE-B619-98F6FF01F8CC}.Debug|Any CPU.Build.0 = Debug|Any CPU
		{9092CDD0-1585-48DE-B619-98F6FF01F8CC}.Release|Any CPU.ActiveCfg = Release|Any CPU
		{9092CDD0-1585-48DE-B619-98F6FF01F8CC}.Release|Any CPU.Build.0 = Release|Any CPU
		{56B4EF11-8B2A-4862-8723-FC4368274768}.Debug|Any CPU.ActiveCfg = Debug|Any CPU
		{56B4EF11-8B2A-4862-8723-FC4368274768}.Debug|Any CPU.Build.0 = Debug|Any CPU
		{56B4EF11-8B2A-4862-8723-FC4368274768}.Release|Any CPU.ActiveCfg = Release|Any CPU
		{56B4EF11-8B2A-4862-8723-FC4368274768}.Release|Any CPU.Build.0 = Release|Any CPU
	EndGlobalSection
	GlobalSection(SolutionProperties) = preSolution
		HideSolutionNode = FALSE
	EndGlobalSection
EndGlobal
