
Microsoft Visual Studio Solution File, Format Version 12.00
# Visual Studio 2013
VisualStudioVersion = 12.0.30501.0
MinimumVisualStudioVersion = 10.0.40219.1
Project("{FAE04EC0-301F-11D3-BF4B-00C04F79EFBC}") = "InfluxDB.Net", "InfluxDB.Net\InfluxDB.Net.csproj", "{63172F0B-41A4-4CF1-AEE3-9780CCC38D01}"
EndProject
Project("{FAE04EC0-301F-11D3-BF4B-00C04F79EFBC}") = "InfluxDB.Net.Tests", "InfluxDB.Net.Tests\InfluxDB.Net.Tests.csproj", "{56B4EF11-8B2A-4862-8723-FC4368274768}"
EndProject
Global
	GlobalSection(SolutionConfigurationPlatforms) = preSolution
		Debug|Any CPU = Debug|Any CPU
		Release|Any CPU = Release|Any CPU
	EndGlobalSection
	GlobalSection(ProjectConfigurationPlatforms) = postSolution
		{63172F0B-41A4-4CF1-AEE3-9780CCC38D01}.Debug|Any CPU.ActiveCfg = Debug|Any CPU
		{63172F0B-41A4-4CF1-AEE3-9780CCC38D01}.Debug|Any CPU.Build.0 = Debug|Any CPU
		{63172F0B-41A4-4CF1-AEE3-9780CCC38D01}.Release|Any CPU.ActiveCfg = Release|Any CPU
		{63172F0B-41A4-4CF1-AEE3-9780CCC38D01}.Release|Any CPU.Build.0 = Release|Any CPU
		{56B4EF11-8B2A-4862-8723-FC4368274768}.Debug|Any CPU.ActiveCfg = Debug|Any CPU
		{56B4EF11-8B2A-4862-8723-FC4368274768}.Debug|Any CPU.Build.0 = Debug|Any CPU
		{56B4EF11-8B2A-4862-8723-FC4368274768}.Release|Any CPU.ActiveCfg = Release|Any CPU
		{56B4EF11-8B2A-4862-8723-FC4368274768}.Release|Any CPU.Build.0 = Release|Any CPU
	EndGlobalSection
	GlobalSection(SolutionProperties) = preSolution
		HideSolutionNode = FALSE
	EndGlobalSection
EndGlobal
